{
  "version": 4,
  "terraform_version": "1.2.9",
  "serial": 11,
  "lineage": "95e332a9-f832-9745-bd2c-9a076268eefb",
  "outputs": {},
  "resources": [
    {
      "mode": "managed",
      "type": "hcloud_firewall",
      "name": "http_https",
      "provider": "provider[\"registry.terraform.io/hetznercloud/hcloud\"]",
      "instances": [
        {
          "schema_version": 0,
          "attributes": {
            "apply_to": [],
            "id": "571250",
            "labels": {},
            "name": "http_https",
            "rule": [
              {
                "description": "",
                "destination_ips": [],
                "direction": "in",
                "port": "433",
                "protocol": "tcp",
                "source_ips": [
                  "0.0.0.0/0",
                  "::/0"
                ]
              },
              {
                "description": "",
                "destination_ips": [],
                "direction": "in",
                "port": "80",
                "protocol": "tcp",
                "source_ips": [
                  "0.0.0.0/0",
                  "::/0"
                ]
              }
            ]
          },
          "sensitive_attributes": [],
          "private": "bnVsbA=="
        }
      ]
    },
    {
      "mode": "managed",
      "type": "hcloud_firewall",
      "name": "ping_ssh",
      "provider": "provider[\"registry.terraform.io/hetznercloud/hcloud\"]",
      "instances": [
        {
          "schema_version": 0,
          "attributes": {
            "apply_to": [],
            "id": "571251",
            "labels": {},
            "name": "ping_ssh",
            "rule": [
              {
                "description": "",
                "destination_ips": [],
                "direction": "in",
                "port": "",
                "protocol": "icmp",
                "source_ips": [
                  "0.0.0.0/0",
                  "::/0"
                ]
              },
              {
                "description": "",
                "destination_ips": [],
                "direction": "in",
                "port": "22",
                "protocol": "tcp",
                "source_ips": [
                  "0.0.0.0/0",
                  "::/0"
                ]
              }
            ]
          },
          "sensitive_attributes": [],
          "private": "bnVsbA=="
        }
      ]
    },
    {
      "mode": "managed",
      "type": "hcloud_ssh_key",
      "name": "desktop",
      "provider": "provider[\"registry.terraform.io/hetznercloud/hcloud\"]",
      "instances": [
        {
          "schema_version": 0,
          "attributes": {
            "fingerprint": "fc:25:c6:ef:cd:1e:19:d7:e0:9c:25:fa:17:45:39:b3",
            "id": "8494842",
            "labels": {},
            "name": "Desktop",
            "public_key": "ssh-rsa AAAAB3NzaC1yc2EAAAADAQABAAABgQC9uYNx1IE4G31Y0x9WxfYoYKqLnYCP6CVVkZpeMH42BikqEZ+GCgCjLWqkBGEXguBObU5/KSLsczmgFMlFwOA31pGroDqR3fFNwoXqqCMfaSmH/BHdw0zevTECZfRfHh30YLLGFmXgE2xxuYwe4lVyBba02bh1TiKwvRx8J1m/iCRNhd3b0sUOBYSpg78UBbLaC+CKK92t3DZdWrkIBmXUnt0nU8aPKgy1pHE8XWIFLMVf4yKMJMCNwrBJ5c4wy5FtU6Z++c2y8u7VQUgUjFQcHXqA5XqfzbKn2Iv6PMKH2ls949yX0NMPxKMvwkUQLCznG2DBvMUWR/qGh4AljBYn3pv5MxjU3g6hSlLZTcFVIkma9LOv1auQcZyRpg+ieoe9P7r8h7zFST8BFvmgXwnFXNZid5er/rYiVmCbRwBqJYsJVabXpZll1ql7KGS/hB72WN6BN79tooHdXt+L979PD7jeKghkty4dn3YDl0+/iCdfnVb/h02r2HyYpReRbUU= h3nnn4n@clusterfuck\n"
          },
          "sensitive_attributes": [],
          "private": "bnVsbA=="
        }
      ]
    },
    {
      "mode": "managed",
      "type": "hcloud_ssh_key",
      "name": "laptop",
      "provider": "provider[\"registry.terraform.io/hetznercloud/hcloud\"]",
      "instances": [
        {
          "schema_version": 0,
          "attributes": {
            "fingerprint": "d2:96:c6:17:de:8d:61:a0:16:3d:14:22:c5:3c:a5:47",
            "id": "8494841",
            "labels": {},
            "name": "Laptop",
            "public_key": "ssh-rsa AAAAB3NzaC1yc2EAAAADAQABAAABgQCw2Y8bkoYecUblRlcR0oSzaqvOztY/hrvDUf8iJeXY9vfkiBGQS2KQPFCrsJt2+scUBl3W2ja/FYD8sKpk+iLpKGyNB461uAW24iQSkShNX4ZODG3ClYvrMUC6MY0zziGkIsasKnhMWcA0sxHWCWElkUB4UdK673EqZ8zNZTQ1g8WKH92aQM1p6Smsf2n9MFbZs2q/Pzo7JbKTF074oCAoGC6OZ8ZtNXr0ElezNNHWiP6GQkINrhrpdpWAVK5RtJeaviDkek1S6Xuk5LZSk5czAitR+McHiJhGa1JRvac+sJc+viLT7oFLOmGjwspK2GbSPcOoF1rGvJlwtfegh9hnVdx92HtOPWi0HLHLtVFrQ4m3Wbp6CrlevLo0kptm1fuA9lsIJE7uToC7AiDY7I3mE4PxG7kvWLNyD9xqn92v3rWiycuhk4cSb8E44vnbJNKQtGFZyxjAxiter6A++0qeXC+yCnVtoXtllH0zbtGgit/Xu4YQIYxQMO9zYnL+hps= renan@Renans-MacBook-Pro.local\n"
          },
          "sensitive_attributes": [],
          "private": "bnVsbA=="
        }
      ]
    }
  ]
}
